{
  "name": "mavo-pages",
  "version": "0.0.1",
  "lockfileVersion": 2,
  "requires": true,
  "packages": {
    "": {
      "name": "mavo-pages",
      "version": "0.0.1",
      "license": "ISC",
      "dependencies": {
        "@auth/core": "^0.5.1"
      }
    },
    "node_modules/@auth/core": {
      "version": "0.5.1",
      "resolved": "https://registry.npmjs.org/@auth/core/-/core-0.5.1.tgz",
      "integrity": "sha512-t9z8F7dkuVceKWBmMy1fd2t6H+vfRju/YJ1lm+6RnJ7pNEvX5qMR874wg0+cYbWvyZazLi8fFK/FA6I3D5sSkA==",
      "dependencies": {
        "@panva/hkdf": "^1.0.4",
        "cookie": "0.5.0",
        "jose": "^4.11.1",
        "oauth4webapi": "^2.0.6",
        "preact": "10.11.3",
        "preact-render-to-string": "5.2.3"
      },
      "peerDependencies": {
        "nodemailer": "^6.8.0"
      },
      "peerDependenciesMeta": {
        "nodemailer": {
          "optional": true
        }
      }
    },
    "node_modules/@panva/hkdf": {
      "version": "1.0.4",
      "license": "MIT",
      "funding": {
        "url": "https://github.com/sponsors/panva"
      }
    },
    "node_modules/cookie": {
      "version": "0.5.0",
      "license": "MIT",
      "engines": {
        "node": ">= 0.6"
      }
    },
    "node_modules/jose": {
      "version": "4.13.1",
      "license": "MIT",
      "funding": {
        "url": "https://github.com/sponsors/panva"
      }
    },
    "node_modules/oauth4webapi": {
      "version": "2.2.0",
      "license": "MIT",
      "funding": {
        "url": "https://github.com/sponsors/panva"
      }
    },
    "node_modules/preact": {
      "version": "10.11.3",
      "license": "MIT",
      "funding": {
        "type": "opencollective",
        "url": "https://opencollective.com/preact"
      }
    },
    "node_modules/preact-render-to-string": {
      "version": "5.2.3",
      "license": "MIT",
      "dependencies": {
        "pretty-format": "^3.8.0"
      },
      "peerDependencies": {
        "preact": ">=10"
      }
    },
    "node_modules/pretty-format": {
      "version": "3.8.0",
      "license": "MIT"
    }
  },
  "dependencies": {
    "@auth/core": {
      "version": "0.5.1",
      "resolved": "https://registry.npmjs.org/@auth/core/-/core-0.5.1.tgz",
      "integrity": "sha512-t9z8F7dkuVceKWBmMy1fd2t6H+vfRju/YJ1lm+6RnJ7pNEvX5qMR874wg0+cYbWvyZazLi8fFK/FA6I3D5sSkA==",
      "requires": {
        "@panva/hkdf": "^1.0.4",
        "cookie": "0.5.0",
        "jose": "^4.11.1",
        "oauth4webapi": "^2.0.6",
        "preact": "10.11.3",
        "preact-render-to-string": "5.2.3"
      }
    },
    "@panva/hkdf": {
      "version": "1.0.4"
    },
    "cookie": {
      "version": "0.5.0"
    },
    "jose": {
      "version": "4.13.1"
    },
    "oauth4webapi": {
      "version": "2.2.0"
    },
    "preact": {
      "version": "10.11.3"
    },
    "preact-render-to-string": {
      "version": "5.2.3",
      "requires": {
        "pretty-format": "^3.8.0"
      }
    },
    "pretty-format": {
      "version": "3.8.0"
    }
  }
}
